PODS:
  - DACircularProgress (2.2.0)
  - GMGridView (1.1.1)
  - MBProgressHUD (0.8)
  - MWPhotoBrowser (1.4.0):
    - DACircularProgress
    - MBProgressHUD (~> 0.8)
    - PSTCollectionView (~> 1.2)
    - SDWebImage (~> 3.5.4)
  - PSTCollectionView (1.2.0)
  - SDURLCache (1.2)
  - SDWebImage (3.5.4):
    - SDWebImage/Core
  - SDWebImage/Core (3.5.4)

DEPENDENCIES:
  - GMGridView (~> 1.1.1)
  - MWPhotoBrowser (from `https://github.com/Apex-net/MWPhotoBrowser.git`)
  - SDURLCache (~> 1.2)

EXTERNAL SOURCES:
  MWPhotoBrowser:
    :git: https://github.com/Apex-net/MWPhotoBrowser.git

SPEC CHECKSUMS:
  DACircularProgress: 659d6fd11b5fc099c13ba9350239d9dca324916a
  GMGridView: a17a31f010990eb8f802abb4cab50e6e03e993ea
  MBProgressHUD: 2bbc6f470111daf7f3eaa4eb12b8cbf01c4c0622
  MWPhotoBrowser: b85e89fcf0575062f32c472d389265dce1f068e1
  PSTCollectionView: fb2ad2790c6efa306b2caf10315b2c1464d1f5c6
  SDURLCache: b70522599f525127b9417f21ded4c9ba808e8ab9
  SDWebImage: 1a62010700adbba823b621fc217906739dbf6aa5

COCOAPODS: 0.31.1
